
Microsoft Visual Studio Solution File, Format Version 12.00
# Visual Studio 2013
VisualStudioVersion = 12.0.20623.1 VSUPREVIEW
MinimumVisualStudioVersion = 10.0.40219.1
Project("{2150E333-8FDC-42A3-9474-1A3956D46DE8}") = "Solution Items", "Solution Items", "{F2798F1B-676F-4217-BC66-935519E767F7}"
	ProjectSection(SolutionItems) = preProject
		.gitattributes = .gitattributes
		.gitignore = .gitignore
		CreateScrillaWebsite.bat = CreateScrillaWebsite.bat
		GlobalAssemblyInfo.cs = GlobalAssemblyInfo.cs
		README.md = README.md
		TODO.md = TODO.md
	EndProjectSection
EndProject
Project("{FAE04EC0-301F-11D3-BF4B-00C04F79EFBC}") = "scrilla.Data", "scrilla.Data\scrilla.Data.csproj", "{A286DBC0-E497-4542-A0FA-80177D61FAEF}"
EndProject
Project("{FAE04EC0-301F-11D3-BF4B-00C04F79EFBC}") = "scrilla.Data.Migrations", "scrilla.Data.Migrations\scrilla.Data.Migrations.csproj", "{B1DEEC71-2FFB-4FEC-9904-86A53C71BEC5}"
EndProject
Project("{FAE04EC0-301F-11D3-BF4B-00C04F79EFBC}") = "scrilla.Data.SeedConsole", "scrilla.Data.SeedConsole\scrilla.Data.SeedConsole.csproj", "{8ACCDD72-2223-4DCC-A58D-9078D8A90738}"
EndProject
Project("{FAE04EC0-301F-11D3-BF4B-00C04F79EFBC}") = "scrilla.Services", "scrilla.Services\scrilla.Services.csproj", "{34156E2E-A2CE-418D-8AEC-E4E6A92FB215}"
EndProject
Project("{FAE04EC0-301F-11D3-BF4B-00C04F79EFBC}") = "scrilla.Data.Dapper", "scrilla.Data.Dapper\scrilla.Data.Dapper.csproj", "{14237860-E43C-4294-9235-81C6C4173773}"
EndProject
Project("{FAE04EC0-301F-11D3-BF4B-00C04F79EFBC}") = "scrilla.Services.Tests", "scrilla.Services.Tests\scrilla.Services.Tests.csproj", "{507B66D4-32AF-466B-89CA-313A0407036D}"
EndProject
Project("{2150E333-8FDC-42A3-9474-1A3956D46DE8}") = ".nuget", ".nuget", "{B5A8FDB6-6F6F-4CA7-9017-D379B720A180}"
	ProjectSection(SolutionItems) = preProject
		.nuget\NuGet.Config = .nuget\NuGet.Config
		.nuget\NuGet.exe = .nuget\NuGet.exe
		.nuget\NuGet.targets = .nuget\NuGet.targets
	EndProjectSection
EndProject
Project("{FAE04EC0-301F-11D3-BF4B-00C04F79EFBC}") = "scrilla.js.Web", "scrilla.js.Web\scrilla.js.Web.csproj", "{3C8683AD-2C61-415D-868A-DB820755AED3}"
EndProject
Global
	GlobalSection(SolutionConfigurationPlatforms) = preSolution
		Debug|Any CPU = Debug|Any CPU
		Debug|x86 = Debug|x86
		Release|Any CPU = Release|Any CPU
		Release|x86 = Release|x86
	EndGlobalSection
	GlobalSection(ProjectConfigurationPlatforms) = postSolution
		{A286DBC0-E497-4542-A0FA-80177D61FAEF}.Debug|Any CPU.ActiveCfg = Debug|Any CPU
		{A286DBC0-E497-4542-A0FA-80177D61FAEF}.Debug|Any CPU.Build.0 = Debug|Any CPU
		{A286DBC0-E497-4542-A0FA-80177D61FAEF}.Debug|x86.ActiveCfg = Debug|Any CPU
		{A286DBC0-E497-4542-A0FA-80177D61FAEF}.Release|Any CPU.ActiveCfg = Release|Any CPU
		{A286DBC0-E497-4542-A0FA-80177D61FAEF}.Release|Any CPU.Build.0 = Release|Any CPU
		{A286DBC0-E497-4542-A0FA-80177D61FAEF}.Release|x86.ActiveCfg = Release|Any CPU
		{B1DEEC71-2FFB-4FEC-9904-86A53C71BEC5}.Debug|Any CPU.ActiveCfg = Debug|Any CPU
		{B1DEEC71-2FFB-4FEC-9904-86A53C71BEC5}.Debug|Any CPU.Build.0 = Debug|Any CPU
		{B1DEEC71-2FFB-4FEC-9904-86A53C71BEC5}.Debug|x86.ActiveCfg = Debug|Any CPU
		{B1DEEC71-2FFB-4FEC-9904-86A53C71BEC5}.Release|Any CPU.ActiveCfg = Release|Any CPU
		{B1DEEC71-2FFB-4FEC-9904-86A53C71BEC5}.Release|Any CPU.Build.0 = Release|Any CPU
		{B1DEEC71-2FFB-4FEC-9904-86A53C71BEC5}.Release|x86.ActiveCfg = Release|Any CPU
		{8ACCDD72-2223-4DCC-A58D-9078D8A90738}.Debug|Any CPU.ActiveCfg = Debug|Any CPU
		{8ACCDD72-2223-4DCC-A58D-9078D8A90738}.Debug|Any CPU.Build.0 = Debug|Any CPU
		{8ACCDD72-2223-4DCC-A58D-9078D8A90738}.Debug|x86.ActiveCfg = Debug|x86
		{8ACCDD72-2223-4DCC-A58D-9078D8A90738}.Debug|x86.Build.0 = Debug|x86
		{8ACCDD72-2223-4DCC-A58D-9078D8A90738}.Release|Any CPU.ActiveCfg = Release|Any CPU
		{8ACCDD72-2223-4DCC-A58D-9078D8A90738}.Release|Any CPU.Build.0 = Release|Any CPU
		{8ACCDD72-2223-4DCC-A58D-9078D8A90738}.Release|x86.ActiveCfg = Release|x86
		{8ACCDD72-2223-4DCC-A58D-9078D8A90738}.Release|x86.Build.0 = Release|x86
		{34156E2E-A2CE-418D-8AEC-E4E6A92FB215}.Debug|Any CPU.ActiveCfg = Debug|Any CPU
		{34156E2E-A2CE-418D-8AEC-E4E6A92FB215}.Debug|Any CPU.Build.0 = Debug|Any CPU
		{34156E2E-A2CE-418D-8AEC-E4E6A92FB215}.Debug|x86.ActiveCfg = Debug|Any CPU
		{34156E2E-A2CE-418D-8AEC-E4E6A92FB215}.Release|Any CPU.ActiveCfg = Release|Any CPU
		{34156E2E-A2CE-418D-8AEC-E4E6A92FB215}.Release|Any CPU.Build.0 = Release|Any CPU
		{34156E2E-A2CE-418D-8AEC-E4E6A92FB215}.Release|x86.ActiveCfg = Release|Any CPU
		{14237860-E43C-4294-9235-81C6C4173773}.Debug|Any CPU.ActiveCfg = Debug|Any CPU
		{14237860-E43C-4294-9235-81C6C4173773}.Debug|Any CPU.Build.0 = Debug|Any CPU
		{14237860-E43C-4294-9235-81C6C4173773}.Debug|x86.ActiveCfg = Debug|Any CPU
		{14237860-E43C-4294-9235-81C6C4173773}.Release|Any CPU.ActiveCfg = Release|Any CPU
		{14237860-E43C-4294-9235-81C6C4173773}.Release|Any CPU.Build.0 = Release|Any CPU
		{14237860-E43C-4294-9235-81C6C4173773}.Release|x86.ActiveCfg = Release|Any CPU
		{507B66D4-32AF-466B-89CA-313A0407036D}.Debug|Any CPU.ActiveCfg = Debug|Any CPU
		{507B66D4-32AF-466B-89CA-313A0407036D}.Debug|Any CPU.Build.0 = Debug|Any CPU
		{507B66D4-32AF-466B-89CA-313A0407036D}.Debug|x86.ActiveCfg = Debug|Any CPU
		{507B66D4-32AF-466B-89CA-313A0407036D}.Release|Any CPU.ActiveCfg = Release|Any CPU
		{507B66D4-32AF-466B-89CA-313A0407036D}.Release|Any CPU.Build.0 = Release|Any CPU
		{507B66D4-32AF-466B-89CA-313A0407036D}.Release|x86.ActiveCfg = Release|Any CPU
		{3C8683AD-2C61-415D-868A-DB820755AED3}.Debug|Any CPU.ActiveCfg = Debug|Any CPU
		{3C8683AD-2C61-415D-868A-DB820755AED3}.Debug|Any CPU.Build.0 = Debug|Any CPU
		{3C8683AD-2C61-415D-868A-DB820755AED3}.Debug|x86.ActiveCfg = Debug|Any CPU
		{3C8683AD-2C61-415D-868A-DB820755AED3}.Release|Any CPU.ActiveCfg = Release|Any CPU
		{3C8683AD-2C61-415D-868A-DB820755AED3}.Release|Any CPU.Build.0 = Release|Any CPU
		{3C8683AD-2C61-415D-868A-DB820755AED3}.Release|x86.ActiveCfg = Release|Any CPU
	EndGlobalSection
	GlobalSection(SolutionProperties) = preSolution
		HideSolutionNode = FALSE
	EndGlobalSection
EndGlobal
